
Microsoft Visual Studio Solution File, Format Version 12.00
# Visual Studio 15
VisualStudioVersion = 15.0.28307.1082
MinimumVisualStudioVersion = 10.0.40219.1
Project("{FAE04EC0-301F-11D3-BF4B-00C04F79EFBC}") = "RotaryWebApplication", "RotaryWebApplication\RotaryWebApplication.csproj", "{108C5833-60F1-4B2A-9CC5-4253825C00FC}"
EndProject
Project("{FAE04EC0-301F-11D3-BF4B-00C04F79EFBC}") = "EntityModel", "EntityModel\EntityModel.csproj", "{C38AF691-B8A2-4DED-BA0B-2DBC4C2E2EBC}"
EndProject
Project("{FAE04EC0-301F-11D3-BF4B-00C04F79EFBC}") = "WebApplication.Web", "WebApplication.Web\WebApplication.Web.csproj", "{A8424985-3EF3-41AA-A62B-F5AD0815C0EA}"
EndProject
Global
	GlobalSection(SolutionConfigurationPlatforms) = preSolution
		Debug|Any CPU = Debug|Any CPU
		Release|Any CPU = Release|Any CPU
	EndGlobalSection
	GlobalSection(ProjectConfigurationPlatforms) = postSolution
		{108C5833-60F1-4B2A-9CC5-4253825C00FC}.Debug|Any CPU.ActiveCfg = Debug|Any CPU
		{108C5833-60F1-4B2A-9CC5-4253825C00FC}.Debug|Any CPU.Build.0 = Debug|Any CPU
		{108C5833-60F1-4B2A-9CC5-4253825C00FC}.Release|Any CPU.ActiveCfg = Release|Any CPU
		{108C5833-60F1-4B2A-9CC5-4253825C00FC}.Release|Any CPU.Build.0 = Release|Any CPU
		{C38AF691-B8A2-4DED-BA0B-2DBC4C2E2EBC}.Debug|Any CPU.ActiveCfg = Debug|Any CPU
		{C38AF691-B8A2-4DED-BA0B-2DBC4C2E2EBC}.Debug|Any CPU.Build.0 = Debug|Any CPU
		{C38AF691-B8A2-4DED-BA0B-2DBC4C2E2EBC}.Release|Any CPU.ActiveCfg = Release|Any CPU
		{C38AF691-B8A2-4DED-BA0B-2DBC4C2E2EBC}.Release|Any CPU.Build.0 = Release|Any CPU
		{A8424985-3EF3-41AA-A62B-F5AD0815C0EA}.Debug|Any CPU.ActiveCfg = Debug|Any CPU
		{A8424985-3EF3-41AA-A62B-F5AD0815C0EA}.Debug|Any CPU.Build.0 = Debug|Any CPU
		{A8424985-3EF3-41AA-A62B-F5AD0815C0EA}.Release|Any CPU.ActiveCfg = Release|Any CPU
		{A8424985-3EF3-41AA-A62B-F5AD0815C0EA}.Release|Any CPU.Build.0 = Release|Any CPU
	EndGlobalSection
	GlobalSection(SolutionProperties) = preSolution
		HideSolutionNode = FALSE
	EndGlobalSection
	GlobalSection(ExtensibilityGlobals) = postSolution
		SolutionGuid = {87345DA0-D388-4496-8DB1-B17DEE8864AB}
	EndGlobalSection
EndGlobal
